# This file is @generated by PDM.
# It is not intended for manual editing.

[metadata]
groups = ["default"]
strategy = ["inherit_metadata"]
lock_version = "4.5.0"
content_hash = "sha256:8d2b34ea751214df7cc162c0a659261fc46f2f1cf7b40991e25f4f4a1434ab5b"

[[metadata.targets]]
requires_python = ">=3.8"

[[package]]
name = "go"
version = "1.2.1"
summary = ""
groups = ["default"]
files = [
    {file = "go-1.2.1.zip", hash = "sha256:e1aa499882110a1b31c4f8187b3f13625a3456d4332eaaaa48a5a745be51f2fa"},
]
